// !$*UTF8*$!
{
	archiveVersion = 1;
	classes = {
	};
	objectVersion = 50;
	objects = {

/* Begin PBXBuildFile section */
		0CAC6CFD216B04AD001BAF64 /* AppDelegate.swift in Sources */ = {isa = PBXBuildFile; fileRef = 0CAC6CFC216B04AD001BAF64 /* AppDelegate.swift */; };
		0CAC6CFF216B04AD001BAF64 /* ViewController.swift in Sources */ = {isa = PBXBuildFile; fileRef = 0CAC6CFE216B04AD001BAF64 /* ViewController.swift */; };
		0CAC6D02216B04AD001BAF64 /* Main.storyboard in Resources */ = {isa = PBXBuildFile; fileRef = 0CAC6D00216B04AD001BAF64 /* Main.storyboard */; };
		0CAC6D04216B04AF001BAF64 /* Assets.xcassets in Resources */ = {isa = PBXBuildFile; fileRef = 0CAC6D03216B04AF001BAF64 /* Assets.xcassets */; };
		0CAC6D07216B04AF001BAF64 /* LaunchScreen.storyboard in Resources */ = {isa = PBXBuildFile; fileRef = 0CAC6D05216B04AF001BAF64 /* LaunchScreen.storyboard */; };
		0CAC6D10216B15BA001BAF64 /* Extention.swift in Sources */ = {isa = PBXBuildFile; fileRef = 0CAC6D0F216B15BA001BAF64 /* Extention.swift */; };
/* End PBXBuildFile section */

/* Begin PBXFileReference section */
		0CAC6CF9216B04AD001BAF64 /* UITextViewAutoReszing.app */ = {isa = PBXFileReference; explicitFileType = wrapper.application; includeInIndex = 0; path = UITextViewAutoReszing.app; sourceTree = BUILT_PRODUCTS_DIR; };
		0CAC6CFC216B04AD001BAF64 /* AppDelegate.swift */ = {isa = PBXFileReference; lastKnownFileType = sourcecode.swift; path = AppDelegate.swift; sourceTree = "<group>"; };
		0CAC6CFE216B04AD001BAF64 /* ViewController.swift */ = {isa = PBXFileReference; lastKnownFileType = sourcecode.swift; path = ViewController.swift; sourceTree = "<group>"; };
		0CAC6D01216B04AD001BAF64 /* Base */ = {isa = PBXFileReference; lastKnownFileType = file.storyboard; name = Base; path = Base.lproj/Main.storyboard; sourceTree = "<group>"; };
		0CAC6D03216B04AF001BAF64 /* Assets.xcassets */ = {isa = PBXFileReference; lastKnownFileType = folder.assetcatalog; path = Assets.xcassets; sourceTree = "<group>"; };
		0CAC6D06216B04AF001BAF64 /* Base */ = {isa = PBXFileReference; lastKnownFileType = file.storyboard; name = Base; path = Base.lproj/LaunchScreen.storyboard; sourceTree = "<group>"; };
		0CAC6D08216B04AF001BAF64 /* Info.plist */ = {isa = PBXFileReference; lastKnownFileType = text.plist.xml; path = Info.plist; sourceTree = "<group>"; };
		0CAC6D0F216B15BA001BAF64 /* Extention.swift */ = {isa = PBXFileReference; lastKnownFileType = sourcecode.swift; path = Extention.swift; sourceTree = "<group>"; };
/* End PBXFileReference section */

/* Begin PBXFrameworksBuildPhase section */
		0CAC6CF6216B04AD001BAF64 /* Frameworks */ = {
			isa = PBXFrameworksBuildPhase;
			buildActionMask = 2147483647;
			files = (
			);
			runOnlyForDeploymentPostprocessing = 0;
		};
/* End PBXFrameworksBuildPhase section */

/* Begin PBXGroup section */
		0CAC6CF0216B04AD001BAF64 = {
			isa = PBXGroup;
			children = (
				0CAC6CFB216B04AD001BAF64 /* UITextViewAutoReszing */,
				0CAC6CFA216B04AD001BAF64 /* Products */,
			);
			sourceTree = "<group>";
		};
		0CAC6CFA216B04AD001BAF64 /* Products */ = {
			isa = PBXGroup;
			children = (
				0CAC6CF9216B04AD001BAF64 /* UITextViewAutoReszing.app */,
			);
			name = Products;
			sourceTree = "<group>";
		};
		0CAC6CFB216B04AD001BAF64 /* UITextViewAutoReszing */ = {
			isa = PBXGroup;
			children = (
				0CAC6CFC216B04AD001BAF64 /* AppDelegate.swift */,
				0CAC6CFE216B04AD001BAF64 /* ViewController.swift */,
				0CAC6D00216B04AD001BAF64 /* Main.storyboard */,
				0CAC6D03216B04AF001BAF64 /* Assets.xcassets */,
				0CAC6D05216B04AF001BAF64 /* LaunchScreen.storyboard */,
				0CAC6D08216B04AF001BAF64 /* Info.plist */,
				0CAC6D0F216B15BA001BAF64 /* Extention.swift */,
			);
			path = UITextViewAutoReszing;
			sourceTree = "<group>";
		};
/* End PBXGroup section */

/* Begin PBXNativeTarget section */
		0CAC6CF8216B04AD001BAF64 /* UITextViewAutoReszing */ = {
			isa = PBXNativeTarget;
			buildConfigurationList = 0CAC6D0B216B04AF001BAF64 /* Build configuration list for PBXNativeTarget "UITextViewAutoReszing" */;
			buildPhases = (
				0CAC6CF5216B04AD001BAF64 /* Sources */,
				0CAC6CF6216B04AD001BAF64 /* Frameworks */,
				0CAC6CF7216B04AD001BAF64 /* Resources */,
			);
			buildRules = (
			);
			dependencies = (
			);
			name = UITextViewAutoReszing;
			productName = UITextViewAutoReszing;
			productReference = 0CAC6CF9216B04AD001BAF64 /* UITextViewAutoReszing.app */;
			productType = "com.apple.product-type.application";
		};
/* End PBXNativeTarget section */

/* Begin PBXProject section */
		0CAC6CF1216B04AD001BAF64 /* Project object */ = {
			isa = PBXProject;
			attributes = {
				LastSwiftUpdateCheck = 1000;
				LastUpgradeCheck = 1000;
				ORGANIZATIONNAME = NIA;
				TargetAttributes = {
					0CAC6CF8216B04AD001BAF64 = {
						CreatedOnToolsVersion = 10.0;
					};
				};
			};
			buildConfigurationList = 0CAC6CF4216B04AD001BAF64 /* Build configuration list for PBXProject "UITextViewAutoReszing" */;
			compatibilityVersion = "Xcode 9.3";
			developmentRegion = en;
			hasScannedForEncodings = 0;
			knownRegions = (
				en,
				Base,
			);
			mainGroup = 0CAC6CF0216B04AD001BAF64;
			productRefGroup = 0CAC6CFA216B04AD001BAF64 /* Products */;
			projectDirPath = "";
			projectRoot = "";
			targets = (
				0CAC6CF8216B04AD001BAF64 /* UITextViewAutoReszing */,
			);
		};
/* End PBXProject section */

/* Begin PBXResourcesBuildPhase section */
		0CAC6CF7216B04AD001BAF64 /* Resources */ = {
			isa = PBXResourcesBuildPhase;
			buildActionMask = 2147483647;
			files = (
				0CAC6D07216B04AF001BAF64 /* LaunchScreen.storyboard in Resources */,
				0CAC6D04216B04AF001BAF64 /* Assets.xcassets in Resources */,
				0CAC6D02216B04AD001BAF64 /* Main.storyboard in Resources */,
			);
			runOnlyForDeploymentPostprocessing = 0;
		};
/* End PBXResourcesBuildPhase section */

/* Begin PBXSourcesBuildPhase section */
		0CAC6CF5216B04AD001BAF64 /* Sources */ = {
			isa = PBXSourcesBuildPhase;
			buildActionMask = 2147483647;
			files = (
				0CAC6CFF216B04AD001BAF64 /* ViewController.swift in Sources */,
				0CAC6D10216B15BA001BAF64 /* Extention.swift in Sources */,
				0CAC6CFD216B04AD001BAF64 /* AppDelegate.swift in Sources */,
			);
			runOnlyForDeploymentPostprocessing = 0;
		};
/* End PBXSourcesBuildPhase section */

/* Begin PBXVariantGroup section */
		0CAC6D00216B04AD001BAF64 /* Main.storyboard */ = {
			isa = PBXVariantGroup;
			children = (
				0CAC6D01216B04AD001BAF64 /* Base */,
			);
			name = Main.storyboard;
			sourceTree = "<group>";
		};
		0CAC6D05216B04AF001BAF64 /* LaunchScreen.storyboard */ = {
			isa = PBXVariantGroup;
			children = (
				0CAC6D06216B04AF001BAF64 /* Base */,
			);
			name = LaunchScreen.storyboard;
			sourceTree = "<group>";
		};
/* End PBXVariantGroup section */

/* Begin XCBuildConfiguration section */
		0CAC6D09216B04AF001BAF64 /* Debug */ = {
			isa = XCBuildConfiguration;
			buildSettings = {
				ALWAYS_SEARCH_USER_PATHS = NO;
				CLANG_ANALYZER_NONNULL = YES;
				CLANG_ANALYZER_NUMBER_OBJECT_CONVERSION = YES_AGGRESSIVE;
				CLANG_CXX_LANGUAGE_STANDARD = "gnu++14";
				CLANG_CXX_LIBRARY = "libc++";
				CLANG_ENABLE_MODULES = YES;
				CLANG_ENABLE_OBJC_ARC = YES;
				CLANG_ENABLE_OBJC_WEAK = YES;
				CLANG_WARN_BLOCK_CAPTURE_AUTORELEASING = YES;
				CLANG_WARN_BOOL_CONVERSION = YES;
				CLANG_WARN_COMMA = YES;
				CLANG_WARN_CONSTANT_CONVERSION = YES;
				CLANG_WARN_DEPRECATED_OBJC_IMPLEMENTATIONS = YES;
				CLANG_WARN_DIRECT_OBJC_ISA_USAGE = YES_ERROR;
				CLANG_WARN_DOCUMENTATION_COMMENTS = YES;
				CLANG_WARN_EMPTY_BODY = YES;
				CLANG_WARN_ENUM_CONVERSION = YES;
				CLANG_WARN_INFINITE_RECURSION = YES;
				CLANG_WARN_INT_CONVERSION = YES;
				CLANG_WARN_NON_LITERAL_NULL_CONVERSION = YES;
				CLANG_WARN_OBJC_IMPLICIT_RETAIN_SELF = YES;
				CLANG_WARN_OBJC_LITERAL_CONVERSION = YES;
				CLANG_WARN_OBJC_ROOT_CLASS = YES_ERROR;
				CLANG_WARN_RANGE_LOOP_ANALYSIS = YES;
				CLANG_WARN_STRICT_PROTOTYPES = YES;
				CLANG_WARN_SUSPICIOUS_MOVE = YES;
				CLANG_WARN_UNGUARDED_AVAILABILITY = YES_AGGRESSIVE;
				CLANG_WARN_UNREACHABLE_CODE = YES;
				CLANG_WARN__DUPLICATE_METHOD_MATCH = YES;
				CODE_SIGN_IDENTITY = "iPhone Developer";
				COPY_PHASE_STRIP = NO;
				DEBUG_INFORMATION_FORMAT = dwarf;
				ENABLE_STRICT_OBJC_MSGSEND = YES;
				ENABLE_TESTABILITY = YES;
				GCC_C_LANGUAGE_STANDARD = gnu11;
				GCC_DYNAMIC_NO_PIC = NO;
				GCC_NO_COMMON_BLOCKS = YES;
				GCC_OPTIMIZATION_LEVEL = 0;
				GCC_PREPROCESSOR_DEFINITIONS = (
					"DEBUG=1",
					"$(inherited)",
				);
				GCC_WARN_64_TO_32_BIT_CONVERSION = YES;
				GCC_WARN_ABOUT_RETURN_TYPE = YES_ERROR;
				GCC_WARN_UNDECLARED_SELECTOR = YES;
				GCC_WARN_UNINITIALIZED_AUTOS = YES_AGGRESSIVE;
				GCC_WARN_UNUSED_FUNCTION = YES;
				GCC_WARN_UNUSED_VARIABLE = YES;
				IPHONEOS_DEPLOYMENT_TARGET = 12.0;
				MTL_ENABLE_DEBUG_INFO = INCLUDE_SOURCE;
				MTL_FAST_MATH = YES;
				ONLY_ACTIVE_ARCH = YES;
				SDKROOT = iphoneos;
				SWIFT_ACTIVE_COMPILATION_CONDITIONS = DEBUG;
				SWIFT_OPTIMIZATION_LEVEL = "-Onone";
			};
			name = Debug;
		};
		0CAC6D0A216B04AF001BAF64 /* Release */ = {
			isa = XCBuildConfiguration;
			buildSettings = {
				ALWAYS_SEARCH_USER_PATHS = NO;
				CLANG_ANALYZER_NONNULL = YES;
				CLANG_ANALYZER_NUMBER_OBJECT_CONVERSION = YES_AGGRESSIVE;
				CLANG_CXX_LANGUAGE_STANDARD = "gnu++14";
				CLANG_CXX_LIBRARY = "libc++";
				CLANG_ENABLE_MODULES = YES;
				CLANG_ENABLE_OBJC_ARC = YES;
				CLANG_ENABLE_OBJC_WEAK = YES;
				CLANG_WARN_BLOCK_CAPTURE_AUTORELEASING = YES;
				CLANG_WARN_BOOL_CONVERSION = YES;
				CLANG_WARN_COMMA = YES;
				CLANG_WARN_CONSTANT_CONVERSION = YES;
				CLANG_WARN_DEPRECATED_OBJC_IMPLEMENTATIONS = YES;
				CLANG_WARN_DIRECT_OBJC_ISA_USAGE = YES_ERROR;
				CLANG_WARN_DOCUMENTATION_COMMENTS = YES;
				CLANG_WARN_EMPTY_BODY = YES;
				CLANG_WARN_ENUM_CONVERSION = YES;
				CLANG_WARN_INFINITE_RECURSION = YES;
				CLANG_WARN_INT_CONVERSION = YES;
				CLANG_WARN_NON_LITERAL_NULL_CONVERSION = YES;
				CLANG_WARN_OBJC_IMPLICIT_RETAIN_SELF = YES;
				CLANG_WARN_OBJC_LITERAL_CONVERSION = YES;
				CLANG_WARN_OBJC_ROOT_CLASS = YES_ERROR;
				CLANG_WARN_RANGE_LOOP_ANALYSIS = YES;
				CLANG_WARN_STRICT_PROTOTYPES = YES;
				CLANG_WARN_SUSPICIOUS_MOVE = YES;
				CLANG_WARN_UNGUARDED_AVAILABILITY = YES_AGGRESSIVE;
				CLANG_WARN_UNREACHABLE_CODE = YES;
				CLANG_WARN__DUPLICATE_METHOD_MATCH = YES;
				CODE_SIGN_IDENTITY = "iPhone Developer";
				COPY_PHASE_STRIP = NO;
				DEBUG_INFORMATION_FORMAT = "dwarf-with-dsym";
				ENABLE_NS_ASSERTIONS = NO;
				ENABLE_STRICT_OBJC_MSGSEND = YES;
				GCC_C_LANGUAGE_STANDARD = gnu11;
				GCC_NO_COMMON_BLOCKS = YES;
				GCC_WARN_64_TO_32_BIT_CONVERSION = YES;
				GCC_WARN_ABOUT_RETURN_TYPE = YES_ERROR;
				GCC_WARN_UNDECLARED_SELECTOR = YES;
				GCC_WARN_UNINITIALIZED_AUTOS = YES_AGGRESSIVE;
				GCC_WARN_UNUSED_FUNCTION = YES;
				GCC_WARN_UNUSED_VARIABLE = YES;
				IPHONEOS_DEPLOYMENT_TARGET = 12.0;
				MTL_ENABLE_DEBUG_INFO = NO;
				MTL_FAST_MATH = YES;
				SDKROOT = iphoneos;
				SWIFT_COMPILATION_MODE = wholemodule;
				SWIFT_OPTIMIZATION_LEVEL = "-O";
				VALIDATE_PRODUCT = YES;
			};
			name = Release;
		};
		0CAC6D0C216B04AF001BAF64 /* Debug */ = {
			isa = XCBuildConfiguration;
			buildSettings = {
				ASSETCATALOG_COMPILER_APPICON_NAME = AppIcon;
				CODE_SIGN_STYLE = Automatic;
				DEVELOPMENT_TEAM = TXPLCJ629W;
				INFOPLIST_FILE = UITextViewAutoReszing/Info.plist;
				LD_RUNPATH_SEARCH_PATHS = (
					"$(inherited)",
					"@executable_path/Frameworks",
				);
				PRODUCT_BUNDLE_IDENTIFIER = NIA.UITextViewAutoReszing;
				PRODUCT_NAME = "$(TARGET_NAME)";
				SWIFT_VERSION = 4.2;
				TARGETED_DEVICE_FAMILY = "1,2";
			};
			name = Debug;
		};
		0CAC6D0D216B04AF001BAF64 /* Release */ = {
			isa = XCBuildConfiguration;
			buildSettings = {
				ASSETCATALOG_COMPILER_APPICON_NAME = AppIcon;
				CODE_SIGN_STYLE = Automatic;
				DEVELOPMENT_TEAM = TXPLCJ629W;
				INFOPLIST_FILE = UITextViewAutoReszing/Info.plist;
				LD_RUNPATH_SEARCH_PATHS = (
					"$(inherited)",
					"@executable_path/Frameworks",
				);
				PRODUCT_BUNDLE_IDENTIFIER = NIA.UITextViewAutoReszing;
				PRODUCT_NAME = "$(TARGET_NAME)";
				SWIFT_VERSION = 4.2;
				TARGETED_DEVICE_FAMILY = "1,2";
			};
			name = Release;
		};
/* End XCBuildConfiguration section */

/* Begin XCConfigurationList section */
		0CAC6CF4216B04AD001BAF64 /* Build configuration list for PBXProject "UITextViewAutoReszing" */ = {
			isa = XCConfigurationList;
			buildConfigurations = (
				0CAC6D09216B04AF001BAF64 /* Debug */,
				0CAC6D0A216B04AF001BAF64 /* Release */,
			);
			defaultConfigurationIsVisible = 0;
			defaultConfigurationName = Release;
		};
		0CAC6D0B216B04AF001BAF64 /* Build configuration list for PBXNativeTarget "UITextViewAutoReszing" */ = {
			isa = XCConfigurationList;
			buildConfigurations = (
				0CAC6D0C216B04AF001BAF64 /* Debug */,
				0CAC6D0D216B04AF001BAF64 /* Release */,
			);
			defaultConfigurationIsVisible = 0;
			defaultConfigurationName = Release;
		};
/* End XCConfigurationList section */
	};
	rootObject = 0CAC6CF1216B04AD001BAF64 /* Project object */;
}
